
Microsoft Visual Studio Solution File, Format Version 12.00
# Visual Studio 15
VisualStudioVersion = 15.0.27130.2024
MinimumVisualStudioVersion = 10.0.40219.1
Project("{FAE04EC0-301F-11D3-BF4B-00C04F79EFBC}") = "SomePipes", "SomePipes\SomePipes.csproj", "{D6595D2B-3489-4C25-A825-2BEC8F0A888A}"
EndProject
Global
	GlobalSection(SolutionConfigurationPlatforms) = preSolution
		Debug|Any CPU = Debug|Any CPU
		Release|Any CPU = Release|Any CPU
	EndGlobalSection
	GlobalSection(ProjectConfigurationPlatforms) = postSolution
		{D6595D2B-3489-4C25-A825-2BEC8F0A888A}.Debug|Any CPU.ActiveCfg = Debug|Any CPU
		{D6595D2B-3489-4C25-A825-2BEC8F0A888A}.Debug|Any CPU.Build.0 = Debug|Any CPU
		{D6595D2B-3489-4C25-A825-2BEC8F0A888A}.Release|Any CPU.ActiveCfg = Release|Any CPU
		{D6595D2B-3489-4C25-A825-2BEC8F0A888A}.Release|Any CPU.Build.0 = Release|Any CPU
	EndGlobalSection
	GlobalSection(SolutionProperties) = preSolution
		HideSolutionNode = FALSE
	EndGlobalSection
	GlobalSection(ExtensibilityGlobals) = postSolution
		SolutionGuid = {0C2FC7C5-3BAD-4AB7-9C4A-CB095A8AA408}
	EndGlobalSection
EndGlobal
